
Microsoft Visual Studio Solution File, Format Version 12.00
# Visual Studio 15
VisualStudioVersion = 15.0.27130.2003
MinimumVisualStudioVersion = 10.0.40219.1
Project("{FAE04EC0-301F-11D3-BF4B-00C04F79EFBC}") = "Client", "Client\Client.csproj", "{0F49F6BA-7ED6-43DC-929A-9709C3ABAD98}"
EndProject
Project("{FAE04EC0-301F-11D3-BF4B-00C04F79EFBC}") = "Grains", "Grains\Grains.csproj", "{12E7A2E5-F1CC-4DB5-991E-8E0AF00920A8}"
EndProject
Project("{FAE04EC0-301F-11D3-BF4B-00C04F79EFBC}") = "IGrains", "IGrains\IGrains.csproj", "{4CF88D2A-695F-4DA9-BF2A-6BAF24954E5C}"
EndProject
Project("{FAE04EC0-301F-11D3-BF4B-00C04F79EFBC}") = "Host", "Host\Host.csproj", "{5D3A7F39-69DA-42B8-A3CB-18C795B532AD}"
EndProject
Project("{E53339B2-1760-4266-BCC7-CA923CBCF16C}") = "docker-compose", "docker-compose.dcproj", "{8FD7671F-D1BE-4B52-95A1-A1944CCBF8AC}"
EndProject
Project("{FAE04EC0-301F-11D3-BF4B-00C04F79EFBC}") = "Orleans.Web", "Orleans.Web\Orleans.Web.csproj", "{D871105D-9B1C-40BA-B43A-4A7531B5C819}"
EndProject
Global
	GlobalSection(SolutionConfigurationPlatforms) = preSolution
		Debug|Any CPU = Debug|Any CPU
		Release|Any CPU = Release|Any CPU
	EndGlobalSection
	GlobalSection(ProjectConfigurationPlatforms) = postSolution
		{0F49F6BA-7ED6-43DC-929A-9709C3ABAD98}.Debug|Any CPU.ActiveCfg = Debug|Any CPU
		{0F49F6BA-7ED6-43DC-929A-9709C3ABAD98}.Debug|Any CPU.Build.0 = Debug|Any CPU
		{0F49F6BA-7ED6-43DC-929A-9709C3ABAD98}.Release|Any CPU.ActiveCfg = Release|Any CPU
		{0F49F6BA-7ED6-43DC-929A-9709C3ABAD98}.Release|Any CPU.Build.0 = Release|Any CPU
		{12E7A2E5-F1CC-4DB5-991E-8E0AF00920A8}.Debug|Any CPU.ActiveCfg = Debug|Any CPU
		{12E7A2E5-F1CC-4DB5-991E-8E0AF00920A8}.Debug|Any CPU.Build.0 = Debug|Any CPU
		{12E7A2E5-F1CC-4DB5-991E-8E0AF00920A8}.Release|Any CPU.ActiveCfg = Release|Any CPU
		{12E7A2E5-F1CC-4DB5-991E-8E0AF00920A8}.Release|Any CPU.Build.0 = Release|Any CPU
		{4CF88D2A-695F-4DA9-BF2A-6BAF24954E5C}.Debug|Any CPU.ActiveCfg = Debug|Any CPU
		{4CF88D2A-695F-4DA9-BF2A-6BAF24954E5C}.Debug|Any CPU.Build.0 = Debug|Any CPU
		{4CF88D2A-695F-4DA9-BF2A-6BAF24954E5C}.Release|Any CPU.ActiveCfg = Release|Any CPU
		{4CF88D2A-695F-4DA9-BF2A-6BAF24954E5C}.Release|Any CPU.Build.0 = Release|Any CPU
		{5D3A7F39-69DA-42B8-A3CB-18C795B532AD}.Debug|Any CPU.ActiveCfg = Debug|Any CPU
		{5D3A7F39-69DA-42B8-A3CB-18C795B532AD}.Debug|Any CPU.Build.0 = Debug|Any CPU
		{5D3A7F39-69DA-42B8-A3CB-18C795B532AD}.Release|Any CPU.ActiveCfg = Release|Any CPU
		{5D3A7F39-69DA-42B8-A3CB-18C795B532AD}.Release|Any CPU.Build.0 = Release|Any CPU
		{8FD7671F-D1BE-4B52-95A1-A1944CCBF8AC}.Debug|Any CPU.ActiveCfg = Debug|Any CPU
		{8FD7671F-D1BE-4B52-95A1-A1944CCBF8AC}.Debug|Any CPU.Build.0 = Debug|Any CPU
		{8FD7671F-D1BE-4B52-95A1-A1944CCBF8AC}.Release|Any CPU.ActiveCfg = Release|Any CPU
		{8FD7671F-D1BE-4B52-95A1-A1944CCBF8AC}.Release|Any CPU.Build.0 = Release|Any CPU
		{D871105D-9B1C-40BA-B43A-4A7531B5C819}.Debug|Any CPU.ActiveCfg = Debug|Any CPU
		{D871105D-9B1C-40BA-B43A-4A7531B5C819}.Debug|Any CPU.Build.0 = Debug|Any CPU
		{D871105D-9B1C-40BA-B43A-4A7531B5C819}.Release|Any CPU.ActiveCfg = Release|Any CPU
		{D871105D-9B1C-40BA-B43A-4A7531B5C819}.Release|Any CPU.Build.0 = Release|Any CPU
	EndGlobalSection
	GlobalSection(SolutionProperties) = preSolution
		HideSolutionNode = FALSE
	EndGlobalSection
	GlobalSection(ExtensibilityGlobals) = postSolution
		SolutionGuid = {909E41BB-6ED7-43D0-810F-77E9968A433F}
	EndGlobalSection
EndGlobal
